// !$*UTF8*$!
{
	archiveVersion = 1;
	classes = {
	};
	objectVersion = 50;
	objects = {

/* Begin PBXBuildFile section */
		65734CD121D378FB00519D8A /* AppDelegate.swift in Sources */ = {isa = PBXBuildFile; fileRef = 65734CD021D378FB00519D8A /* AppDelegate.swift */; };
		65734CD321D378FB00519D8A /* WelcomeVC.swift in Sources */ = {isa = PBXBuildFile; fileRef = 65734CD221D378FB00519D8A /* WelcomeVC.swift */; };
		65734CD621D378FB00519D8A /* Main.storyboard in Resources */ = {isa = PBXBuildFile; fileRef = 65734CD421D378FB00519D8A /* Main.storyboard */; };
		65734CD821D378FC00519D8A /* Assets.xcassets in Resources */ = {isa = PBXBuildFile; fileRef = 65734CD721D378FC00519D8A /* Assets.xcassets */; };
		65734CDB21D378FC00519D8A /* LaunchScreen.storyboard in Resources */ = {isa = PBXBuildFile; fileRef = 65734CD921D378FC00519D8A /* LaunchScreen.storyboard */; };
		65734CE421D3869800519D8A /* BorderButton.swift in Sources */ = {isa = PBXBuildFile; fileRef = 65734CE321D3869800519D8A /* BorderButton.swift */; };
		65A001AA21D7AF50002AA09E /* LeagueVC.swift in Sources */ = {isa = PBXBuildFile; fileRef = 65A001A921D7AF50002AA09E /* LeagueVC.swift */; };
		65A001AC21D7B0E1002AA09E /* SkillVC.swift in Sources */ = {isa = PBXBuildFile; fileRef = 65A001AB21D7B0E1002AA09E /* SkillVC.swift */; };
/* End PBXBuildFile section */

/* Begin PBXFileReference section */
		65734CCD21D378FB00519D8A /* app-swoosh.app */ = {isa = PBXFileReference; explicitFileType = wrapper.application; includeInIndex = 0; path = "app-swoosh.app"; sourceTree = BUILT_PRODUCTS_DIR; };
		65734CD021D378FB00519D8A /* AppDelegate.swift */ = {isa = PBXFileReference; lastKnownFileType = sourcecode.swift; path = AppDelegate.swift; sourceTree = "<group>"; };
		65734CD221D378FB00519D8A /* WelcomeVC.swift */ = {isa = PBXFileReference; lastKnownFileType = sourcecode.swift; path = WelcomeVC.swift; sourceTree = "<group>"; };
		65734CD521D378FB00519D8A /* Base */ = {isa = PBXFileReference; lastKnownFileType = file.storyboard; name = Base; path = Base.lproj/Main.storyboard; sourceTree = "<group>"; };
		65734CD721D378FC00519D8A /* Assets.xcassets */ = {isa = PBXFileReference; lastKnownFileType = folder.assetcatalog; path = Assets.xcassets; sourceTree = "<group>"; };
		65734CDA21D378FC00519D8A /* Base */ = {isa = PBXFileReference; lastKnownFileType = file.storyboard; name = Base; path = Base.lproj/LaunchScreen.storyboard; sourceTree = "<group>"; };
		65734CDC21D378FC00519D8A /* Info.plist */ = {isa = PBXFileReference; lastKnownFileType = text.plist.xml; path = Info.plist; sourceTree = "<group>"; };
		65734CE321D3869800519D8A /* BorderButton.swift */ = {isa = PBXFileReference; lastKnownFileType = sourcecode.swift; path = BorderButton.swift; sourceTree = "<group>"; };
		65A001A921D7AF50002AA09E /* LeagueVC.swift */ = {isa = PBXFileReference; lastKnownFileType = sourcecode.swift; path = LeagueVC.swift; sourceTree = "<group>"; };
		65A001AB21D7B0E1002AA09E /* SkillVC.swift */ = {isa = PBXFileReference; lastKnownFileType = sourcecode.swift; path = SkillVC.swift; sourceTree = "<group>"; };
/* End PBXFileReference section */

/* Begin PBXFrameworksBuildPhase section */
		65734CCA21D378FB00519D8A /* Frameworks */ = {
			isa = PBXFrameworksBuildPhase;
			buildActionMask = 2147483647;
			files = (
			);
			runOnlyForDeploymentPostprocessing = 0;
		};
/* End PBXFrameworksBuildPhase section */

/* Begin PBXGroup section */
		65734CC421D378FB00519D8A = {
			isa = PBXGroup;
			children = (
				65734CCF21D378FB00519D8A /* app-swoosh */,
				65734CCE21D378FB00519D8A /* Products */,
			);
			sourceTree = "<group>";
		};
		65734CCE21D378FB00519D8A /* Products */ = {
			isa = PBXGroup;
			children = (
				65734CCD21D378FB00519D8A /* app-swoosh.app */,
			);
			name = Products;
			sourceTree = "<group>";
		};
		65734CCF21D378FB00519D8A /* app-swoosh */ = {
			isa = PBXGroup;
			children = (
				65A001A821D7ACAC002AA09E /* Model */,
				65A001A721D7AC99002AA09E /* Controller */,
				65734CE221D3865200519D8A /* View */,
				65734CD021D378FB00519D8A /* AppDelegate.swift */,
				65734CD421D378FB00519D8A /* Main.storyboard */,
				65734CD721D378FC00519D8A /* Assets.xcassets */,
				65734CD921D378FC00519D8A /* LaunchScreen.storyboard */,
				65734CDC21D378FC00519D8A /* Info.plist */,
			);
			path = "app-swoosh";
			sourceTree = "<group>";
		};
		65734CE221D3865200519D8A /* View */ = {
			isa = PBXGroup;
			children = (
				65734CE321D3869800519D8A /* BorderButton.swift */,
			);
			path = View;
			sourceTree = "<group>";
		};
		65A001A721D7AC99002AA09E /* Controller */ = {
			isa = PBXGroup;
			children = (
				65734CD221D378FB00519D8A /* WelcomeVC.swift */,
				65A001A921D7AF50002AA09E /* LeagueVC.swift */,
				65A001AB21D7B0E1002AA09E /* SkillVC.swift */,
			);
			path = Controller;
			sourceTree = "<group>";
		};
		65A001A821D7ACAC002AA09E /* Model */ = {
			isa = PBXGroup;
			children = (
			);
			path = Model;
			sourceTree = "<group>";
		};
/* End PBXGroup section */

/* Begin PBXNativeTarget section */
		65734CCC21D378FB00519D8A /* app-swoosh */ = {
			isa = PBXNativeTarget;
			buildConfigurationList = 65734CDF21D378FC00519D8A /* Build configuration list for PBXNativeTarget "app-swoosh" */;
			buildPhases = (
				65734CC921D378FB00519D8A /* Sources */,
				65734CCA21D378FB00519D8A /* Frameworks */,
				65734CCB21D378FB00519D8A /* Resources */,
			);
			buildRules = (
			);
			dependencies = (
			);
			name = "app-swoosh";
			productName = "app-swoosh";
			productReference = 65734CCD21D378FB00519D8A /* app-swoosh.app */;
			productType = "com.apple.product-type.application";
		};
/* End PBXNativeTarget section */

/* Begin PBXProject section */
		65734CC521D378FB00519D8A /* Project object */ = {
			isa = PBXProject;
			attributes = {
				LastSwiftUpdateCheck = 1010;
				LastUpgradeCheck = 1010;
				ORGANIZATIONNAME = "Tarlan Ismayilsoy";
				TargetAttributes = {
					65734CCC21D378FB00519D8A = {
						CreatedOnToolsVersion = 10.1;
					};
				};
			};
			buildConfigurationList = 65734CC821D378FB00519D8A /* Build configuration list for PBXProject "app-swoosh" */;
			compatibilityVersion = "Xcode 9.3";
			developmentRegion = en;
			hasScannedForEncodings = 0;
			knownRegions = (
				en,
				Base,
			);
			mainGroup = 65734CC421D378FB00519D8A;
			productRefGroup = 65734CCE21D378FB00519D8A /* Products */;
			projectDirPath = "";
			projectRoot = "";
			targets = (
				65734CCC21D378FB00519D8A /* app-swoosh */,
			);
		};
/* End PBXProject section */

/* Begin PBXResourcesBuildPhase section */
		65734CCB21D378FB00519D8A /* Resources */ = {
			isa = PBXResourcesBuildPhase;
			buildActionMask = 2147483647;
			files = (
				65734CDB21D378FC00519D8A /* LaunchScreen.storyboard in Resources */,
				65734CD821D378FC00519D8A /* Assets.xcassets in Resources */,
				65734CD621D378FB00519D8A /* Main.storyboard in Resources */,
			);
			runOnlyForDeploymentPostprocessing = 0;
		};
/* End PBXResourcesBuildPhase section */

/* Begin PBXSourcesBuildPhase section */
		65734CC921D378FB00519D8A /* Sources */ = {
			isa = PBXSourcesBuildPhase;
			buildActionMask = 2147483647;
			files = (
				65734CD321D378FB00519D8A /* WelcomeVC.swift in Sources */,
				65A001AA21D7AF50002AA09E /* LeagueVC.swift in Sources */,
				65734CD121D378FB00519D8A /* AppDelegate.swift in Sources */,
				65A001AC21D7B0E1002AA09E /* SkillVC.swift in Sources */,
				65734CE421D3869800519D8A /* BorderButton.swift in Sources */,
			);
			runOnlyForDeploymentPostprocessing = 0;
		};
/* End PBXSourcesBuildPhase section */

/* Begin PBXVariantGroup section */
		65734CD421D378FB00519D8A /* Main.storyboard */ = {
			isa = PBXVariantGroup;
			children = (
				65734CD521D378FB00519D8A /* Base */,
			);
			name = Main.storyboard;
			sourceTree = "<group>";
		};
		65734CD921D378FC00519D8A /* LaunchScreen.storyboard */ = {
			isa = PBXVariantGroup;
			children = (
				65734CDA21D378FC00519D8A /* Base */,
			);
			name = LaunchScreen.storyboard;
			sourceTree = "<group>";
		};
/* End PBXVariantGroup section */

/* Begin XCBuildConfiguration section */
		65734CDD21D378FC00519D8A /* Debug */ = {
			isa = XCBuildConfiguration;
			buildSettings = {
				ALWAYS_SEARCH_USER_PATHS = NO;
				CLANG_ANALYZER_NONNULL = YES;
				CLANG_ANALYZER_NUMBER_OBJECT_CONVERSION = YES_AGGRESSIVE;
				CLANG_CXX_LANGUAGE_STANDARD = "gnu++14";
				CLANG_CXX_LIBRARY = "libc++";
				CLANG_ENABLE_MODULES = YES;
				CLANG_ENABLE_OBJC_ARC = YES;
				CLANG_ENABLE_OBJC_WEAK = YES;
				CLANG_WARN_BLOCK_CAPTURE_AUTORELEASING = YES;
				CLANG_WARN_BOOL_CONVERSION = YES;
				CLANG_WARN_COMMA = YES;
				CLANG_WARN_CONSTANT_CONVERSION = YES;
				CLANG_WARN_DEPRECATED_OBJC_IMPLEMENTATIONS = YES;
				CLANG_WARN_DIRECT_OBJC_ISA_USAGE = YES_ERROR;
				CLANG_WARN_DOCUMENTATION_COMMENTS = YES;
				CLANG_WARN_EMPTY_BODY = YES;
				CLANG_WARN_ENUM_CONVERSION = YES;
				CLANG_WARN_INFINITE_RECURSION = YES;
				CLANG_WARN_INT_CONVERSION = YES;
				CLANG_WARN_NON_LITERAL_NULL_CONVERSION = YES;
				CLANG_WARN_OBJC_IMPLICIT_RETAIN_SELF = YES;
				CLANG_WARN_OBJC_LITERAL_CONVERSION = YES;
				CLANG_WARN_OBJC_ROOT_CLASS = YES_ERROR;
				CLANG_WARN_RANGE_LOOP_ANALYSIS = YES;
				CLANG_WARN_STRICT_PROTOTYPES = YES;
				CLANG_WARN_SUSPICIOUS_MOVE = YES;
				CLANG_WARN_UNGUARDED_AVAILABILITY = YES_AGGRESSIVE;
				CLANG_WARN_UNREACHABLE_CODE = YES;
				CLANG_WARN__DUPLICATE_METHOD_MATCH = YES;
				CODE_SIGN_IDENTITY = "iPhone Developer";
				COPY_PHASE_STRIP = NO;
				DEBUG_INFORMATION_FORMAT = dwarf;
				ENABLE_STRICT_OBJC_MSGSEND = YES;
				ENABLE_TESTABILITY = YES;
				GCC_C_LANGUAGE_STANDARD = gnu11;
				GCC_DYNAMIC_NO_PIC = NO;
				GCC_NO_COMMON_BLOCKS = YES;
				GCC_OPTIMIZATION_LEVEL = 0;
				GCC_PREPROCESSOR_DEFINITIONS = (
					"DEBUG=1",
					"$(inherited)",
				);
				GCC_WARN_64_TO_32_BIT_CONVERSION = YES;
				GCC_WARN_ABOUT_RETURN_TYPE = YES_ERROR;
				GCC_WARN_UNDECLARED_SELECTOR = YES;
				GCC_WARN_UNINITIALIZED_AUTOS = YES_AGGRESSIVE;
				GCC_WARN_UNUSED_FUNCTION = YES;
				GCC_WARN_UNUSED_VARIABLE = YES;
				IPHONEOS_DEPLOYMENT_TARGET = 12.1;
				MTL_ENABLE_DEBUG_INFO = INCLUDE_SOURCE;
				MTL_FAST_MATH = YES;
				ONLY_ACTIVE_ARCH = YES;
				SDKROOT = iphoneos;
				SWIFT_ACTIVE_COMPILATION_CONDITIONS = DEBUG;
				SWIFT_OPTIMIZATION_LEVEL = "-Onone";
			};
			name = Debug;
		};
		65734CDE21D378FC00519D8A /* Release */ = {
			isa = XCBuildConfiguration;
			buildSettings = {
				ALWAYS_SEARCH_USER_PATHS = NO;
				CLANG_ANALYZER_NONNULL = YES;
				CLANG_ANALYZER_NUMBER_OBJECT_CONVERSION = YES_AGGRESSIVE;
				CLANG_CXX_LANGUAGE_STANDARD = "gnu++14";
				CLANG_CXX_LIBRARY = "libc++";
				CLANG_ENABLE_MODULES = YES;
				CLANG_ENABLE_OBJC_ARC = YES;
				CLANG_ENABLE_OBJC_WEAK = YES;
				CLANG_WARN_BLOCK_CAPTURE_AUTORELEASING = YES;
				CLANG_WARN_BOOL_CONVERSION = YES;
				CLANG_WARN_COMMA = YES;
				CLANG_WARN_CONSTANT_CONVERSION = YES;
				CLANG_WARN_DEPRECATED_OBJC_IMPLEMENTATIONS = YES;
				CLANG_WARN_DIRECT_OBJC_ISA_USAGE = YES_ERROR;
				CLANG_WARN_DOCUMENTATION_COMMENTS = YES;
				CLANG_WARN_EMPTY_BODY = YES;
				CLANG_WARN_ENUM_CONVERSION = YES;
				CLANG_WARN_INFINITE_RECURSION = YES;
				CLANG_WARN_INT_CONVERSION = YES;
				CLANG_WARN_NON_LITERAL_NULL_CONVERSION = YES;
				CLANG_WARN_OBJC_IMPLICIT_RETAIN_SELF = YES;
				CLANG_WARN_OBJC_LITERAL_CONVERSION = YES;
				CLANG_WARN_OBJC_ROOT_CLASS = YES_ERROR;
				CLANG_WARN_RANGE_LOOP_ANALYSIS = YES;
				CLANG_WARN_STRICT_PROTOTYPES = YES;
				CLANG_WARN_SUSPICIOUS_MOVE = YES;
				CLANG_WARN_UNGUARDED_AVAILABILITY = YES_AGGRESSIVE;
				CLANG_WARN_UNREACHABLE_CODE = YES;
				CLANG_WARN__DUPLICATE_METHOD_MATCH = YES;
				CODE_SIGN_IDENTITY = "iPhone Developer";
				COPY_PHASE_STRIP = NO;
				DEBUG_INFORMATION_FORMAT = "dwarf-with-dsym";
				ENABLE_NS_ASSERTIONS = NO;
				ENABLE_STRICT_OBJC_MSGSEND = YES;
				GCC_C_LANGUAGE_STANDARD = gnu11;
				GCC_NO_COMMON_BLOCKS = YES;
				GCC_WARN_64_TO_32_BIT_CONVERSION = YES;
				GCC_WARN_ABOUT_RETURN_TYPE = YES_ERROR;
				GCC_WARN_UNDECLARED_SELECTOR = YES;
				GCC_WARN_UNINITIALIZED_AUTOS = YES_AGGRESSIVE;
				GCC_WARN_UNUSED_FUNCTION = YES;
				GCC_WARN_UNUSED_VARIABLE = YES;
				IPHONEOS_DEPLOYMENT_TARGET = 12.1;
				MTL_ENABLE_DEBUG_INFO = NO;
				MTL_FAST_MATH = YES;
				SDKROOT = iphoneos;
				SWIFT_COMPILATION_MODE = wholemodule;
				SWIFT_OPTIMIZATION_LEVEL = "-O";
				VALIDATE_PRODUCT = YES;
			};
			name = Release;
		};
		65734CE021D378FC00519D8A /* Debug */ = {
			isa = XCBuildConfiguration;
			buildSettings = {
				ASSETCATALOG_COMPILER_APPICON_NAME = AppIcon;
				CODE_SIGN_STYLE = Automatic;
				DEVELOPMENT_TEAM = N422BWS4VH;
				INFOPLIST_FILE = "app-swoosh/Info.plist";
				LD_RUNPATH_SEARCH_PATHS = (
					"$(inherited)",
					"@executable_path/Frameworks",
				);
				PRODUCT_BUNDLE_IDENTIFIER = "tarlan.ismayilsoy.app-swoosh";
				PRODUCT_NAME = "$(TARGET_NAME)";
				SWIFT_VERSION = 4.2;
				TARGETED_DEVICE_FAMILY = "1,2";
			};
			name = Debug;
		};
		65734CE121D378FC00519D8A /* Release */ = {
			isa = XCBuildConfiguration;
			buildSettings = {
				ASSETCATALOG_COMPILER_APPICON_NAME = AppIcon;
				CODE_SIGN_STYLE = Automatic;
				DEVELOPMENT_TEAM = N422BWS4VH;
				INFOPLIST_FILE = "app-swoosh/Info.plist";
				LD_RUNPATH_SEARCH_PATHS = (
					"$(inherited)",
					"@executable_path/Frameworks",
				);
				PRODUCT_BUNDLE_IDENTIFIER = "tarlan.ismayilsoy.app-swoosh";
				PRODUCT_NAME = "$(TARGET_NAME)";
				SWIFT_VERSION = 4.2;
				TARGETED_DEVICE_FAMILY = "1,2";
			};
			name = Release;
		};
/* End XCBuildConfiguration section */

/* Begin XCConfigurationList section */
		65734CC821D378FB00519D8A /* Build configuration list for PBXProject "app-swoosh" */ = {
			isa = XCConfigurationList;
			buildConfigurations = (
				65734CDD21D378FC00519D8A /* Debug */,
				65734CDE21D378FC00519D8A /* Release */,
			);
			defaultConfigurationIsVisible = 0;
			defaultConfigurationName = Release;
		};
		65734CDF21D378FC00519D8A /* Build configuration list for PBXNativeTarget "app-swoosh" */ = {
			isa = XCConfigurationList;
			buildConfigurations = (
				65734CE021D378FC00519D8A /* Debug */,
				65734CE121D378FC00519D8A /* Release */,
			);
			defaultConfigurationIsVisible = 0;
			defaultConfigurationName = Release;
		};
/* End XCConfigurationList section */
	};
	rootObject = 65734CC521D378FB00519D8A /* Project object */;
}
